{
  "version": 4,
  "terraform_version": "0.14.7",
  "serial": 38,
  "lineage": "f7b1c913-10fc-fa16-335a-263fe3a40d67",
  "outputs": {},
  "resources": [
    {
      "module": "module.vpc_app",
      "mode": "managed",
      "type": "aws_vpc",
      "name": "main",
      "provider": "provider[\"registry.terraform.io/hashicorp/aws\"]",
      "instances": [
        {
          "schema_version": 1,
          "attributes": {
            "arn": "arn:aws:ec2:us-east-1:589076428231:vpc/vpc-0f69288a2a16125f7",
            "assign_generated_ipv6_cidr_block": false,
            "cidr_block": "192.168.0.0/16",
            "default_network_acl_id": "acl-0149343d0698a2973",
            "default_route_table_id": "rtb-093ab5de70ad0e89c",
            "default_security_group_id": "sg-06ed9dca1be40b858",
            "dhcp_options_id": "dopt-44f4d73e",
            "enable_classiclink": false,
            "enable_classiclink_dns_support": false,
            "enable_dns_hostnames": false,
            "enable_dns_support": true,
            "id": "vpc-0f69288a2a16125f7",
            "instance_tenancy": "default",
            "ipv6_association_id": "",
            "ipv6_cidr_block": "",
            "main_route_table_id": "rtb-093ab5de70ad0e89c",
            "owner_id": "589076428231",
            "tags": {
              "Name": "my-choice-vpc1"
            },
            "tags_all": {
              "Name": "my-choice-vpc1"
            }
          },
          "sensitive_attributes": [],
          "private": "eyJzY2hlbWFfdmVyc2lvbiI6IjEifQ=="
        }
      ]
    }
  ]
}
